
Microsoft Visual Studio Solution File, Format Version 12.00
# Visual Studio 15
Project("{FAE04EC0-301F-11D3-BF4B-00C04F79EFBC}") = "UKV_Project", "UKV_Project\UKV_Project.csproj", "{463F0C3E-5BFA-4931-A977-A070EAA287E6}"
EndProject
Global
	GlobalSection(SolutionConfigurationPlatforms) = preSolution
		Debug|Any CPU = Debug|Any CPU
		Release|Any CPU = Release|Any CPU
	EndGlobalSection
	GlobalSection(ProjectConfigurationPlatforms) = postSolution
		{463F0C3E-5BFA-4931-A977-A070EAA287E6}.Debug|Any CPU.ActiveCfg = Debug|Any CPU
		{463F0C3E-5BFA-4931-A977-A070EAA287E6}.Debug|Any CPU.Build.0 = Debug|Any CPU
		{463F0C3E-5BFA-4931-A977-A070EAA287E6}.Release|Any CPU.ActiveCfg = Release|Any CPU
		{463F0C3E-5BFA-4931-A977-A070EAA287E6}.Release|Any CPU.Build.0 = Release|Any CPU
	EndGlobalSection
EndGlobal
